
Microsoft Visual Studio Solution File, Format Version 12.00
# Visual Studio Version 16
VisualStudioVersion = 16.0.30225.117
MinimumVisualStudioVersion = 10.0.40219.1
Project("{FAE04EC0-301F-11D3-BF4B-00C04F79EFBC}") = "PE6-mls", "PE6-mls\PE6-mls.csproj", "{D648B1AE-4C14-4187-B1AA-A1C83B818715}"
EndProject
Global
	GlobalSection(SolutionConfigurationPlatforms) = preSolution
		Debug|Any CPU = Debug|Any CPU
		Release|Any CPU = Release|Any CPU
	EndGlobalSection
	GlobalSection(ProjectConfigurationPlatforms) = postSolution
		{D648B1AE-4C14-4187-B1AA-A1C83B818715}.Debug|Any CPU.ActiveCfg = Debug|Any CPU
		{D648B1AE-4C14-4187-B1AA-A1C83B818715}.Debug|Any CPU.Build.0 = Debug|Any CPU
		{D648B1AE-4C14-4187-B1AA-A1C83B818715}.Release|Any CPU.ActiveCfg = Release|Any CPU
		{D648B1AE-4C14-4187-B1AA-A1C83B818715}.Release|Any CPU.Build.0 = Release|Any CPU
	EndGlobalSection
	GlobalSection(SolutionProperties) = preSolution
		HideSolutionNode = FALSE
	EndGlobalSection
	GlobalSection(ExtensibilityGlobals) = postSolution
		SolutionGuid = {DB012954-3F38-419A-9C25-BAEFD6972384}
	EndGlobalSection
EndGlobal
